<?xml version="1.0" encoding="utf-8"?>
<Project ToolsVersion="4.0" xmlns="http://schemas.microsoft.com/developer/msbuild/2003">
  <ItemGroup>
    <ClCompile Include="XLog.cpp" />
    <ClCompile Include="mylog.cpp" />
    <ClCompile Include="..\..\..\GTA Android Plugin\ARMHook\CHook.cpp">
      <Filter>ARMHook</Filter>
    </ClCompile>
    <ClCompile Include="..\..\..\GTA Android Plugin\ARMHook\Substrate\SubstrateDebug.cpp">
      <Filter>ARMHook</Filter>
    </ClCompile>
    <ClCompile Include="..\..\..\GTA Android Plugin\ARMHook\Substrate\SubstrateHook.cpp">
      <Filter>ARMHook</Filter>
    </ClCompile>
    <ClCompile Include="..\..\..\GTA Android Plugin\ARMHook\Substrate\SubstratePosixMemory.cpp">
      <Filter>ARMHook</Filter>
    </ClCompile>
    <ClCompile Include="..\..\..\GTA Android Plugin\shared\ini\inireader.c">
      <Filter>ini</Filter>
    </ClCompile>
    <ClCompile Include="..\..\..\GTA Android Plugin\shared\ini\minIni.c">
      <Filter>ini</Filter>
    </ClCompile>
    <ClCompile Include="..\..\..\GTA Android Plugin\ARMHook\And64InlineHook\And64InlineHook.cpp">
      <Filter>ARMHook</Filter>
    </ClCompile>
  </ItemGroup>
  <ItemGroup>
    <ClInclude Include="mylog.h" />
    <ClInclude Include="..\..\..\GTA Android Plugin\shared\ini\inireader.h">
      <Filter>ini</Filter>
    </ClInclude>
    <ClInclude Include="..\..\..\GTA Android Plugin\shared\ini\minGlue.h">
      <Filter>ini</Filter>
    </ClInclude>
    <ClInclude Include="..\..\..\GTA Android Plugin\shared\ini\minIni.h">
      <Filter>ini</Filter>
    </ClInclude>
  </ItemGroup>
  <ItemGroup>
    <Filter Include="ARMHook">
      <UniqueIdentifier>{3c34a8aa-7b57-461f-8041-ce281b8c2d94}</UniqueIdentifier>
    </Filter>
    <Filter Include="ini">
      <UniqueIdentifier>{cc5f7ac2-7840-4443-85b4-ca60fd8bd90e}</UniqueIdentifier>
    </Filter>
  </ItemGroup>
</Project>